// !$*UTF8*$!
{
	archiveVersion = 1;
	classes = {
	};
	objectVersion = 46;
	objects = {

/* Begin PBXBuildFile section */
		D96101D519C384FF00A4AEDB /* main.m in Sources */ = {isa = PBXBuildFile; fileRef = D96101D419C384FF00A4AEDB /* main.m */; };
		D96101D819C384FF00A4AEDB /* AppDelegate.m in Sources */ = {isa = PBXBuildFile; fileRef = D96101D719C384FF00A4AEDB /* AppDelegate.m */; };
		D96101DB19C384FF00A4AEDB /* ViewController.m in Sources */ = {isa = PBXBuildFile; fileRef = D96101DA19C384FF00A4AEDB /* ViewController.m */; };
		D96101DE19C384FF00A4AEDB /* Main.storyboard in Resources */ = {isa = PBXBuildFile; fileRef = D96101DC19C384FF00A4AEDB /* Main.storyboard */; };
		D96101E019C384FF00A4AEDB /* Images.xcassets in Resources */ = {isa = PBXBuildFile; fileRef = D96101DF19C384FF00A4AEDB /* Images.xcassets */; };
		D96101E319C384FF00A4AEDB /* LaunchScreen.xib in Resources */ = {isa = PBXBuildFile; fileRef = D96101E119C384FF00A4AEDB /* LaunchScreen.xib */; };
		D96101EF19C384FF00A4AEDB /* FDChessboardViewTests.m in Sources */ = {isa = PBXBuildFile; fileRef = D96101EE19C384FF00A4AEDB /* FDChessboardViewTests.m */; };
		D96101FE19C3862B00A4AEDB /* FDChessboardView.m in Sources */ = {isa = PBXBuildFile; fileRef = D96101FD19C3862B00A4AEDB /* FDChessboardView.m */; };
		D96101FF19C3862B00A4AEDB /* FDChessboardView.m in Sources */ = {isa = PBXBuildFile; fileRef = D96101FD19C3862B00A4AEDB /* FDChessboardView.m */; };
		D9B0DE0819C557E700BA740F /* wp.svg in Resources */ = {isa = PBXBuildFile; fileRef = D9B0DDFC19C557E700BA740F /* wp.svg */; };
		D9B0DE0919C557E700BA740F /* wp.svg in Resources */ = {isa = PBXBuildFile; fileRef = D9B0DDFC19C557E700BA740F /* wp.svg */; };
		D9B0DE0A19C557E700BA740F /* bk.svg in Resources */ = {isa = PBXBuildFile; fileRef = D9B0DDFD19C557E700BA740F /* bk.svg */; };
		D9B0DE0B19C557E700BA740F /* bk.svg in Resources */ = {isa = PBXBuildFile; fileRef = D9B0DDFD19C557E700BA740F /* bk.svg */; };
		D9B0DE0C19C557E700BA740F /* bp.svg in Resources */ = {isa = PBXBuildFile; fileRef = D9B0DDFE19C557E700BA740F /* bp.svg */; };
		D9B0DE0D19C557E700BA740F /* bp.svg in Resources */ = {isa = PBXBuildFile; fileRef = D9B0DDFE19C557E700BA740F /* bp.svg */; };
		D9B0DE0E19C557E700BA740F /* wq.svg in Resources */ = {isa = PBXBuildFile; fileRef = D9B0DDFF19C557E700BA740F /* wq.svg */; };
		D9B0DE0F19C557E700BA740F /* wq.svg in Resources */ = {isa = PBXBuildFile; fileRef = D9B0DDFF19C557E700BA740F /* wq.svg */; };
		D9B0DE1019C557E700BA740F /* wk.svg in Resources */ = {isa = PBXBuildFile; fileRef = D9B0DE0019C557E700BA740F /* wk.svg */; };
		D9B0DE1119C557E700BA740F /* wk.svg in Resources */ = {isa = PBXBuildFile; fileRef = D9B0DE0019C557E700BA740F /* wk.svg */; };
		D9B0DE1219C557E700BA740F /* wn.svg in Resources */ = {isa = PBXBuildFile; fileRef = D9B0DE0119C557E700BA740F /* wn.svg */; };
		D9B0DE1319C557E700BA740F /* wn.svg in Resources */ = {isa = PBXBuildFile; fileRef = D9B0DE0119C557E700BA740F /* wn.svg */; };
		D9B0DE1419C557E700BA740F /* bq.svg in Resources */ = {isa = PBXBuildFile; fileRef = D9B0DE0219C557E700BA740F /* bq.svg */; };
		D9B0DE1519C557E700BA740F /* bq.svg in Resources */ = {isa = PBXBuildFile; fileRef = D9B0DE0219C557E700BA740F /* bq.svg */; };
		D9B0DE1619C557E700BA740F /* bb.svg in Resources */ = {isa = PBXBuildFile; fileRef = D9B0DE0319C557E700BA740F /* bb.svg */; };
		D9B0DE1719C557E700BA740F /* bb.svg in Resources */ = {isa = PBXBuildFile; fileRef = D9B0DE0319C557E700BA740F /* bb.svg */; };
		D9B0DE1819C557E700BA740F /* bn.svg in Resources */ = {isa = PBXBuildFile; fileRef = D9B0DE0419C557E700BA740F /* bn.svg */; };
		D9B0DE1919C557E700BA740F /* bn.svg in Resources */ = {isa = PBXBuildFile; fileRef = D9B0DE0419C557E700BA740F /* bn.svg */; };
		D9B0DE1A19C557E700BA740F /* wr.svg in Resources */ = {isa = PBXBuildFile; fileRef = D9B0DE0519C557E700BA740F /* wr.svg */; };
		D9B0DE1B19C557E700BA740F /* wr.svg in Resources */ = {isa = PBXBuildFile; fileRef = D9B0DE0519C557E700BA740F /* wr.svg */; };
		D9B0DE1C19C557E700BA740F /* br.svg in Resources */ = {isa = PBXBuildFile; fileRef = D9B0DE0619C557E700BA740F /* br.svg */; };
		D9B0DE1D19C557E700BA740F /* br.svg in Resources */ = {isa = PBXBuildFile; fileRef = D9B0DE0619C557E700BA740F /* br.svg */; };
		D9B0DE1E19C557E700BA740F /* wb.svg in Resources */ = {isa = PBXBuildFile; fileRef = D9B0DE0719C557E700BA740F /* wb.svg */; };
		D9B0DE1F19C557E700BA740F /* wb.svg in Resources */ = {isa = PBXBuildFile; fileRef = D9B0DE0719C557E700BA740F /* wb.svg */; };
		E23B08155CA94F0399C85C93 /* libPods.a in Frameworks */ = {isa = PBXBuildFile; fileRef = 85C5F3BB767543FC9633BE8F /* libPods.a */; };
		EDA218CA83474E58B5588546 /* libPods.a in Frameworks */ = {isa = PBXBuildFile; fileRef = 85C5F3BB767543FC9633BE8F /* libPods.a */; };
/* End PBXBuildFile section */

/* Begin PBXContainerItemProxy section */
		D96101E919C384FF00A4AEDB /* PBXContainerItemProxy */ = {
			isa = PBXContainerItemProxy;
			containerPortal = D96101C719C384FF00A4AEDB /* Project object */;
			proxyType = 1;
			remoteGlobalIDString = D96101CE19C384FF00A4AEDB;
			remoteInfo = FDChessboardView;
		};
/* End PBXContainerItemProxy section */

/* Begin PBXFileReference section */
		638C9D0ABBF545BE9AD85CB9 /* Pods.xcconfig */ = {isa = PBXFileReference; includeInIndex = 1; lastKnownFileType = text.xcconfig; name = Pods.xcconfig; path = Pods/Pods.xcconfig; sourceTree = "<group>"; };
		85C5F3BB767543FC9633BE8F /* libPods.a */ = {isa = PBXFileReference; explicitFileType = archive.ar; includeInIndex = 0; path = libPods.a; sourceTree = BUILT_PRODUCTS_DIR; };
		D96101CF19C384FF00A4AEDB /* FDChessboardView.app */ = {isa = PBXFileReference; explicitFileType = wrapper.application; includeInIndex = 0; path = FDChessboardView.app; sourceTree = BUILT_PRODUCTS_DIR; };
		D96101D319C384FF00A4AEDB /* Info.plist */ = {isa = PBXFileReference; lastKnownFileType = text.plist.xml; path = Info.plist; sourceTree = "<group>"; };
		D96101D419C384FF00A4AEDB /* main.m */ = {isa = PBXFileReference; lastKnownFileType = sourcecode.c.objc; path = main.m; sourceTree = "<group>"; };
		D96101D619C384FF00A4AEDB /* AppDelegate.h */ = {isa = PBXFileReference; lastKnownFileType = sourcecode.c.h; path = AppDelegate.h; sourceTree = "<group>"; };
		D96101D719C384FF00A4AEDB /* AppDelegate.m */ = {isa = PBXFileReference; lastKnownFileType = sourcecode.c.objc; path = AppDelegate.m; sourceTree = "<group>"; };
		D96101D919C384FF00A4AEDB /* ViewController.h */ = {isa = PBXFileReference; lastKnownFileType = sourcecode.c.h; path = ViewController.h; sourceTree = "<group>"; };
		D96101DA19C384FF00A4AEDB /* ViewController.m */ = {isa = PBXFileReference; lastKnownFileType = sourcecode.c.objc; path = ViewController.m; sourceTree = "<group>"; };
		D96101DD19C384FF00A4AEDB /* Base */ = {isa = PBXFileReference; lastKnownFileType = file.storyboard; name = Base; path = Base.lproj/Main.storyboard; sourceTree = "<group>"; };
		D96101DF19C384FF00A4AEDB /* Images.xcassets */ = {isa = PBXFileReference; lastKnownFileType = folder.assetcatalog; path = Images.xcassets; sourceTree = "<group>"; };
		D96101E219C384FF00A4AEDB /* Base */ = {isa = PBXFileReference; lastKnownFileType = file.xib; name = Base; path = Base.lproj/LaunchScreen.xib; sourceTree = "<group>"; };
		D96101E819C384FF00A4AEDB /* FDChessboardViewTests.xctest */ = {isa = PBXFileReference; explicitFileType = wrapper.cfbundle; includeInIndex = 0; path = FDChessboardViewTests.xctest; sourceTree = BUILT_PRODUCTS_DIR; };
		D96101ED19C384FF00A4AEDB /* Info.plist */ = {isa = PBXFileReference; lastKnownFileType = text.plist.xml; path = Info.plist; sourceTree = "<group>"; };
		D96101EE19C384FF00A4AEDB /* FDChessboardViewTests.m */ = {isa = PBXFileReference; lastKnownFileType = sourcecode.c.objc; path = FDChessboardViewTests.m; sourceTree = "<group>"; };
		D96101FC19C3862B00A4AEDB /* FDChessboardView.h */ = {isa = PBXFileReference; fileEncoding = 4; lastKnownFileType = sourcecode.c.h; name = FDChessboardView.h; path = FDChessboardView/FDChessboardView.h; sourceTree = "<group>"; };
		D96101FD19C3862B00A4AEDB /* FDChessboardView.m */ = {isa = PBXFileReference; fileEncoding = 4; lastKnownFileType = sourcecode.c.objc; name = FDChessboardView.m; path = FDChessboardView/FDChessboardView.m; sourceTree = "<group>"; };
		D9B0DDFC19C557E700BA740F /* wp.svg */ = {isa = PBXFileReference; fileEncoding = 4; lastKnownFileType = text.xml; path = wp.svg; sourceTree = "<group>"; };
		D9B0DDFD19C557E700BA740F /* bk.svg */ = {isa = PBXFileReference; fileEncoding = 4; lastKnownFileType = text.xml; path = bk.svg; sourceTree = "<group>"; };
		D9B0DDFE19C557E700BA740F /* bp.svg */ = {isa = PBXFileReference; fileEncoding = 4; lastKnownFileType = text.xml; path = bp.svg; sourceTree = "<group>"; };
		D9B0DDFF19C557E700BA740F /* wq.svg */ = {isa = PBXFileReference; fileEncoding = 4; lastKnownFileType = text.xml; path = wq.svg; sourceTree = "<group>"; };
		D9B0DE0019C557E700BA740F /* wk.svg */ = {isa = PBXFileReference; fileEncoding = 4; lastKnownFileType = text.xml; path = wk.svg; sourceTree = "<group>"; };
		D9B0DE0119C557E700BA740F /* wn.svg */ = {isa = PBXFileReference; fileEncoding = 4; lastKnownFileType = text.xml; path = wn.svg; sourceTree = "<group>"; };
		D9B0DE0219C557E700BA740F /* bq.svg */ = {isa = PBXFileReference; fileEncoding = 4; lastKnownFileType = text.xml; path = bq.svg; sourceTree = "<group>"; };
		D9B0DE0319C557E700BA740F /* bb.svg */ = {isa = PBXFileReference; fileEncoding = 4; lastKnownFileType = text.xml; path = bb.svg; sourceTree = "<group>"; };
		D9B0DE0419C557E700BA740F /* bn.svg */ = {isa = PBXFileReference; fileEncoding = 4; lastKnownFileType = text.xml; path = bn.svg; sourceTree = "<group>"; };
		D9B0DE0519C557E700BA740F /* wr.svg */ = {isa = PBXFileReference; fileEncoding = 4; lastKnownFileType = text.xml; path = wr.svg; sourceTree = "<group>"; };
		D9B0DE0619C557E700BA740F /* br.svg */ = {isa = PBXFileReference; fileEncoding = 4; lastKnownFileType = text.xml; path = br.svg; sourceTree = "<group>"; };
		D9B0DE0719C557E700BA740F /* wb.svg */ = {isa = PBXFileReference; fileEncoding = 4; lastKnownFileType = text.xml; path = wb.svg; sourceTree = "<group>"; };
/* End PBXFileReference section */

/* Begin PBXFrameworksBuildPhase section */
		D96101CC19C384FF00A4AEDB /* Frameworks */ = {
			isa = PBXFrameworksBuildPhase;
			buildActionMask = 2147483647;
			files = (
				E23B08155CA94F0399C85C93 /* libPods.a in Frameworks */,
			);
			runOnlyForDeploymentPostprocessing = 0;
		};
		D96101E519C384FF00A4AEDB /* Frameworks */ = {
			isa = PBXFrameworksBuildPhase;
			buildActionMask = 2147483647;
			files = (
				EDA218CA83474E58B5588546 /* libPods.a in Frameworks */,
			);
			runOnlyForDeploymentPostprocessing = 0;
		};
/* End PBXFrameworksBuildPhase section */

/* Begin PBXGroup section */
		0D48FEC06B9945AEAACDC406 /* Frameworks */ = {
			isa = PBXGroup;
			children = (
				85C5F3BB767543FC9633BE8F /* libPods.a */,
			);
			name = Frameworks;
			sourceTree = "<group>";
		};
		D96101C619C384FF00A4AEDB = {
			isa = PBXGroup;
			children = (
				D96101FC19C3862B00A4AEDB /* FDChessboardView.h */,
				D96101FD19C3862B00A4AEDB /* FDChessboardView.m */,
				D9B0DDFB19C5573900BA740F /* DefaultTheme */,
				D96101D119C384FF00A4AEDB /* FDChessboardViewExample */,
				D96101EB19C384FF00A4AEDB /* FDChessboardViewTests */,
				D96101D019C384FF00A4AEDB /* Products */,
				638C9D0ABBF545BE9AD85CB9 /* Pods.xcconfig */,
				0D48FEC06B9945AEAACDC406 /* Frameworks */,
			);
			sourceTree = "<group>";
		};
		D96101D019C384FF00A4AEDB /* Products */ = {
			isa = PBXGroup;
			children = (
				D96101CF19C384FF00A4AEDB /* FDChessboardView.app */,
				D96101E819C384FF00A4AEDB /* FDChessboardViewTests.xctest */,
			);
			name = Products;
			sourceTree = "<group>";
		};
		D96101D119C384FF00A4AEDB /* FDChessboardViewExample */ = {
			isa = PBXGroup;
			children = (
				D96101D619C384FF00A4AEDB /* AppDelegate.h */,
				D96101D719C384FF00A4AEDB /* AppDelegate.m */,
				D96101D919C384FF00A4AEDB /* ViewController.h */,
				D96101DA19C384FF00A4AEDB /* ViewController.m */,
				D96101DC19C384FF00A4AEDB /* Main.storyboard */,
				D96101DF19C384FF00A4AEDB /* Images.xcassets */,
				D96101E119C384FF00A4AEDB /* LaunchScreen.xib */,
				D96101D219C384FF00A4AEDB /* Supporting Files */,
			);
			name = FDChessboardViewExample;
			path = FDChessboardView;
			sourceTree = "<group>";
		};
		D96101D219C384FF00A4AEDB /* Supporting Files */ = {
			isa = PBXGroup;
			children = (
				D96101D319C384FF00A4AEDB /* Info.plist */,
				D96101D419C384FF00A4AEDB /* main.m */,
			);
			name = "Supporting Files";
			sourceTree = "<group>";
		};
		D96101EB19C384FF00A4AEDB /* FDChessboardViewTests */ = {
			isa = PBXGroup;
			children = (
				D96101EE19C384FF00A4AEDB /* FDChessboardViewTests.m */,
				D96101EC19C384FF00A4AEDB /* Supporting Files */,
			);
			path = FDChessboardViewTests;
			sourceTree = "<group>";
		};
		D96101EC19C384FF00A4AEDB /* Supporting Files */ = {
			isa = PBXGroup;
			children = (
				D96101ED19C384FF00A4AEDB /* Info.plist */,
			);
			name = "Supporting Files";
			sourceTree = "<group>";
		};
		D9B0DDFB19C5573900BA740F /* DefaultTheme */ = {
			isa = PBXGroup;
			children = (
				D9B0DDFC19C557E700BA740F /* wp.svg */,
				D9B0DDFD19C557E700BA740F /* bk.svg */,
				D9B0DDFE19C557E700BA740F /* bp.svg */,
				D9B0DDFF19C557E700BA740F /* wq.svg */,
				D9B0DE0019C557E700BA740F /* wk.svg */,
				D9B0DE0119C557E700BA740F /* wn.svg */,
				D9B0DE0219C557E700BA740F /* bq.svg */,
				D9B0DE0319C557E700BA740F /* bb.svg */,
				D9B0DE0419C557E700BA740F /* bn.svg */,
				D9B0DE0519C557E700BA740F /* wr.svg */,
				D9B0DE0619C557E700BA740F /* br.svg */,
				D9B0DE0719C557E700BA740F /* wb.svg */,
			);
			name = DefaultTheme;
			sourceTree = "<group>";
		};
/* End PBXGroup section */

/* Begin PBXNativeTarget section */
		D96101CE19C384FF00A4AEDB /* FDChessboardView */ = {
			isa = PBXNativeTarget;
			buildConfigurationList = D96101F219C384FF00A4AEDB /* Build configuration list for PBXNativeTarget "FDChessboardView" */;
			buildPhases = (
				C2C3F884F9284AC9A17FEEA2 /* Check Pods Manifest.lock */,
				D96101CB19C384FF00A4AEDB /* Sources */,
				D96101CC19C384FF00A4AEDB /* Frameworks */,
				D96101CD19C384FF00A4AEDB /* Resources */,
				B475B9122C71410BBD68E02C /* Copy Pods Resources */,
			);
			buildRules = (
			);
			dependencies = (
			);
			name = FDChessboardView;
			productName = FDChessboardView;
			productReference = D96101CF19C384FF00A4AEDB /* FDChessboardView.app */;
			productType = "com.apple.product-type.application";
		};
		D96101E719C384FF00A4AEDB /* FDChessboardViewTests */ = {
			isa = PBXNativeTarget;
			buildConfigurationList = D96101F519C384FF00A4AEDB /* Build configuration list for PBXNativeTarget "FDChessboardViewTests" */;
			buildPhases = (
				77542A23FB6D4390B78F4337 /* Check Pods Manifest.lock */,
				D96101E419C384FF00A4AEDB /* Sources */,
				D96101E519C384FF00A4AEDB /* Frameworks */,
				D96101E619C384FF00A4AEDB /* Resources */,
				D840D05D2AB143BB8BBC3FAD /* Copy Pods Resources */,
			);
			buildRules = (
			);
			dependencies = (
				D96101EA19C384FF00A4AEDB /* PBXTargetDependency */,
			);
			name = FDChessboardViewTests;
			productName = FDChessboardViewTests;
			productReference = D96101E819C384FF00A4AEDB /* FDChessboardViewTests.xctest */;
			productType = "com.apple.product-type.bundle.unit-test";
		};
/* End PBXNativeTarget section */

/* Begin PBXProject section */
		D96101C719C384FF00A4AEDB /* Project object */ = {
			isa = PBXProject;
			attributes = {
				LastUpgradeCheck = 0600;
				ORGANIZATIONNAME = "William Entriken";
				TargetAttributes = {
					D96101CE19C384FF00A4AEDB = {
						CreatedOnToolsVersion = 6.0;
					};
					D96101E719C384FF00A4AEDB = {
						CreatedOnToolsVersion = 6.0;
						TestTargetID = D96101CE19C384FF00A4AEDB;
					};
				};
			};
			buildConfigurationList = D96101CA19C384FF00A4AEDB /* Build configuration list for PBXProject "FDChessboardView" */;
			compatibilityVersion = "Xcode 3.2";
			developmentRegion = English;
			hasScannedForEncodings = 0;
			knownRegions = (
				en,
				Base,
			);
			mainGroup = D96101C619C384FF00A4AEDB;
			productRefGroup = D96101D019C384FF00A4AEDB /* Products */;
			projectDirPath = "";
			projectRoot = "";
			targets = (
				D96101CE19C384FF00A4AEDB /* FDChessboardView */,
				D96101E719C384FF00A4AEDB /* FDChessboardViewTests */,
			);
		};
/* End PBXProject section */

/* Begin PBXResourcesBuildPhase section */
		D96101CD19C384FF00A4AEDB /* Resources */ = {
			isa = PBXResourcesBuildPhase;
			buildActionMask = 2147483647;
			files = (
				D9B0DE1E19C557E700BA740F /* wb.svg in Resources */,
				D9B0DE1A19C557E700BA740F /* wr.svg in Resources */,
				D9B0DE1819C557E700BA740F /* bn.svg in Resources */,
				D9B0DE0A19C557E700BA740F /* bk.svg in Resources */,
				D9B0DE0E19C557E700BA740F /* wq.svg in Resources */,
				D96101DE19C384FF00A4AEDB /* Main.storyboard in Resources */,
				D9B0DE1219C557E700BA740F /* wn.svg in Resources */,
				D96101E319C384FF00A4AEDB /* LaunchScreen.xib in Resources */,
				D9B0DE1419C557E700BA740F /* bq.svg in Resources */,
				D96101E019C384FF00A4AEDB /* Images.xcassets in Resources */,
				D9B0DE0C19C557E700BA740F /* bp.svg in Resources */,
				D9B0DE1019C557E700BA740F /* wk.svg in Resources */,
				D9B0DE0819C557E700BA740F /* wp.svg in Resources */,
				D9B0DE1C19C557E700BA740F /* br.svg in Resources */,
				D9B0DE1619C557E700BA740F /* bb.svg in Resources */,
			);
			runOnlyForDeploymentPostprocessing = 0;
		};
		D96101E619C384FF00A4AEDB /* Resources */ = {
			isa = PBXResourcesBuildPhase;
			buildActionMask = 2147483647;
			files = (
				D9B0DE1919C557E700BA740F /* bn.svg in Resources */,
				D9B0DE1719C557E700BA740F /* bb.svg in Resources */,
				D9B0DE1119C557E700BA740F /* wk.svg in Resources */,
				D9B0DE1519C557E700BA740F /* bq.svg in Resources */,
				D9B0DE0F19C557E700BA740F /* wq.svg in Resources */,
				D9B0DE1B19C557E700BA740F /* wr.svg in Resources */,
				D9B0DE1D19C557E700BA740F /* br.svg in Resources */,
				D9B0DE0919C557E700BA740F /* wp.svg in Resources */,
				D9B0DE1319C557E700BA740F /* wn.svg in Resources */,
				D9B0DE1F19C557E700BA740F /* wb.svg in Resources */,
				D9B0DE0D19C557E700BA740F /* bp.svg in Resources */,
				D9B0DE0B19C557E700BA740F /* bk.svg in Resources */,
			);
			runOnlyForDeploymentPostprocessing = 0;
		};
/* End PBXResourcesBuildPhase section */

/* Begin PBXShellScriptBuildPhase section */
		77542A23FB6D4390B78F4337 /* Check Pods Manifest.lock */ = {
			isa = PBXShellScriptBuildPhase;
			buildActionMask = 2147483647;
			files = (
			);
			inputPaths = (
			);
			name = "Check Pods Manifest.lock";
			outputPaths = (
			);
			runOnlyForDeploymentPostprocessing = 0;
			shellPath = /bin/sh;
			shellScript = "diff \"${PODS_ROOT}/../Podfile.lock\" \"${PODS_ROOT}/Manifest.lock\" > /dev/null\nif [[ $? != 0 ]] ; then\n    cat << EOM\nerror: The sandbox is not in sync with the Podfile.lock. Run 'pod install' or update your CocoaPods installation.\nEOM\n    exit 1\nfi\n";
			showEnvVarsInLog = 0;
		};
		B475B9122C71410BBD68E02C /* Copy Pods Resources */ = {
			isa = PBXShellScriptBuildPhase;
			buildActionMask = 2147483647;
			files = (
			);
			inputPaths = (
			);
			name = "Copy Pods Resources";
			outputPaths = (
			);
			runOnlyForDeploymentPostprocessing = 0;
			shellPath = /bin/sh;
			shellScript = "\"${SRCROOT}/Pods/Pods-resources.sh\"\n";
			showEnvVarsInLog = 0;
		};
		C2C3F884F9284AC9A17FEEA2 /* Check Pods Manifest.lock */ = {
			isa = PBXShellScriptBuildPhase;
			buildActionMask = 2147483647;
			files = (
			);
			inputPaths = (
			);
			name = "Check Pods Manifest.lock";
			outputPaths = (
			);
			runOnlyForDeploymentPostprocessing = 0;
			shellPath = /bin/sh;
			shellScript = "diff \"${PODS_ROOT}/../Podfile.lock\" \"${PODS_ROOT}/Manifest.lock\" > /dev/null\nif [[ $? != 0 ]] ; then\n    cat << EOM\nerror: The sandbox is not in sync with the Podfile.lock. Run 'pod install' or update your CocoaPods installation.\nEOM\n    exit 1\nfi\n";
			showEnvVarsInLog = 0;
		};
		D840D05D2AB143BB8BBC3FAD /* Copy Pods Resources */ = {
			isa = PBXShellScriptBuildPhase;
			buildActionMask = 2147483647;
			files = (
			);
			inputPaths = (
			);
			name = "Copy Pods Resources";
			outputPaths = (
			);
			runOnlyForDeploymentPostprocessing = 0;
			shellPath = /bin/sh;
			shellScript = "\"${SRCROOT}/Pods/Pods-resources.sh\"\n";
			showEnvVarsInLog = 0;
		};
/* End PBXShellScriptBuildPhase section */

/* Begin PBXSourcesBuildPhase section */
		D96101CB19C384FF00A4AEDB /* Sources */ = {
			isa = PBXSourcesBuildPhase;
			buildActionMask = 2147483647;
			files = (
				D96101FE19C3862B00A4AEDB /* FDChessboardView.m in Sources */,
				D96101DB19C384FF00A4AEDB /* ViewController.m in Sources */,
				D96101D819C384FF00A4AEDB /* AppDelegate.m in Sources */,
				D96101D519C384FF00A4AEDB /* main.m in Sources */,
			);
			runOnlyForDeploymentPostprocessing = 0;
		};
		D96101E419C384FF00A4AEDB /* Sources */ = {
			isa = PBXSourcesBuildPhase;
			buildActionMask = 2147483647;
			files = (
				D96101FF19C3862B00A4AEDB /* FDChessboardView.m in Sources */,
				D96101EF19C384FF00A4AEDB /* FDChessboardViewTests.m in Sources */,
			);
			runOnlyForDeploymentPostprocessing = 0;
		};
/* End PBXSourcesBuildPhase section */

/* Begin PBXTargetDependency section */
		D96101EA19C384FF00A4AEDB /* PBXTargetDependency */ = {
			isa = PBXTargetDependency;
			target = D96101CE19C384FF00A4AEDB /* FDChessboardView */;
			targetProxy = D96101E919C384FF00A4AEDB /* PBXContainerItemProxy */;
		};
/* End PBXTargetDependency section */

/* Begin PBXVariantGroup section */
		D96101DC19C384FF00A4AEDB /* Main.storyboard */ = {
			isa = PBXVariantGroup;
			children = (
				D96101DD19C384FF00A4AEDB /* Base */,
			);
			name = Main.storyboard;
			sourceTree = "<group>";
		};
		D96101E119C384FF00A4AEDB /* LaunchScreen.xib */ = {
			isa = PBXVariantGroup;
			children = (
				D96101E219C384FF00A4AEDB /* Base */,
			);
			name = LaunchScreen.xib;
			sourceTree = "<group>";
		};
/* End PBXVariantGroup section */

/* Begin XCBuildConfiguration section */
		D96101F019C384FF00A4AEDB /* Debug */ = {
			isa = XCBuildConfiguration;
			buildSettings = {
				ALWAYS_SEARCH_USER_PATHS = NO;
				CLANG_CXX_LANGUAGE_STANDARD = "gnu++0x";
				CLANG_CXX_LIBRARY = "libc++";
				CLANG_ENABLE_MODULES = YES;
				CLANG_ENABLE_OBJC_ARC = YES;
				CLANG_WARN_BOOL_CONVERSION = YES;
				CLANG_WARN_CONSTANT_CONVERSION = YES;
				CLANG_WARN_DIRECT_OBJC_ISA_USAGE = YES_ERROR;
				CLANG_WARN_EMPTY_BODY = YES;
				CLANG_WARN_ENUM_CONVERSION = YES;
				CLANG_WARN_INT_CONVERSION = YES;
				CLANG_WARN_OBJC_ROOT_CLASS = YES_ERROR;
				CLANG_WARN_UNREACHABLE_CODE = YES;
				CLANG_WARN__DUPLICATE_METHOD_MATCH = YES;
				"CODE_SIGN_IDENTITY[sdk=iphoneos*]" = "iPhone Developer";
				COPY_PHASE_STRIP = NO;
				ENABLE_STRICT_OBJC_MSGSEND = YES;
				GCC_C_LANGUAGE_STANDARD = gnu99;
				GCC_DYNAMIC_NO_PIC = NO;
				GCC_OPTIMIZATION_LEVEL = 0;
				GCC_PREPROCESSOR_DEFINITIONS = (
					"DEBUG=1",
					"$(inherited)",
				);
				GCC_SYMBOLS_PRIVATE_EXTERN = NO;
				GCC_WARN_64_TO_32_BIT_CONVERSION = YES;
				GCC_WARN_ABOUT_RETURN_TYPE = YES_ERROR;
				GCC_WARN_UNDECLARED_SELECTOR = YES;
				GCC_WARN_UNINITIALIZED_AUTOS = YES_AGGRESSIVE;
				GCC_WARN_UNUSED_FUNCTION = YES;
				GCC_WARN_UNUSED_VARIABLE = YES;
				IPHONEOS_DEPLOYMENT_TARGET = 8.0;
				MTL_ENABLE_DEBUG_INFO = YES;
				ONLY_ACTIVE_ARCH = YES;
				SDKROOT = iphoneos;
				TARGETED_DEVICE_FAMILY = "1,2";
			};
			name = Debug;
		};
		D96101F119C384FF00A4AEDB /* Release */ = {
			isa = XCBuildConfiguration;
			buildSettings = {
				ALWAYS_SEARCH_USER_PATHS = NO;
				CLANG_CXX_LANGUAGE_STANDARD = "gnu++0x";
				CLANG_CXX_LIBRARY = "libc++";
				CLANG_ENABLE_MODULES = YES;
				CLANG_ENABLE_OBJC_ARC = YES;
				CLANG_WARN_BOOL_CONVERSION = YES;
				CLANG_WARN_CONSTANT_CONVERSION = YES;
				CLANG_WARN_DIRECT_OBJC_ISA_USAGE = YES_ERROR;
				CLANG_WARN_EMPTY_BODY = YES;
				CLANG_WARN_ENUM_CONVERSION = YES;
				CLANG_WARN_INT_CONVERSION = YES;
				CLANG_WARN_OBJC_ROOT_CLASS = YES_ERROR;
				CLANG_WARN_UNREACHABLE_CODE = YES;
				CLANG_WARN__DUPLICATE_METHOD_MATCH = YES;
				"CODE_SIGN_IDENTITY[sdk=iphoneos*]" = "iPhone Developer";
				COPY_PHASE_STRIP = YES;
				ENABLE_NS_ASSERTIONS = NO;
				ENABLE_STRICT_OBJC_MSGSEND = YES;
				GCC_C_LANGUAGE_STANDARD = gnu99;
				GCC_WARN_64_TO_32_BIT_CONVERSION = YES;
				GCC_WARN_ABOUT_RETURN_TYPE = YES_ERROR;
				GCC_WARN_UNDECLARED_SELECTOR = YES;
				GCC_WARN_UNINITIALIZED_AUTOS = YES_AGGRESSIVE;
				GCC_WARN_UNUSED_FUNCTION = YES;
				GCC_WARN_UNUSED_VARIABLE = YES;
				IPHONEOS_DEPLOYMENT_TARGET = 8.0;
				MTL_ENABLE_DEBUG_INFO = NO;
				SDKROOT = iphoneos;
				TARGETED_DEVICE_FAMILY = "1,2";
				VALIDATE_PRODUCT = YES;
			};
			name = Release;
		};
		D96101F319C384FF00A4AEDB /* Debug */ = {
			isa = XCBuildConfiguration;
			baseConfigurationReference = 638C9D0ABBF545BE9AD85CB9 /* Pods.xcconfig */;
			buildSettings = {
				ASSETCATALOG_COMPILER_APPICON_NAME = AppIcon;
				INFOPLIST_FILE = FDChessboardView/Info.plist;
				LD_RUNPATH_SEARCH_PATHS = "$(inherited) @executable_path/Frameworks";
				PRODUCT_NAME = FDChessboardView;
			};
			name = Debug;
		};
		D96101F419C384FF00A4AEDB /* Release */ = {
			isa = XCBuildConfiguration;
			baseConfigurationReference = 638C9D0ABBF545BE9AD85CB9 /* Pods.xcconfig */;
			buildSettings = {
				ASSETCATALOG_COMPILER_APPICON_NAME = AppIcon;
				INFOPLIST_FILE = FDChessboardView/Info.plist;
				LD_RUNPATH_SEARCH_PATHS = "$(inherited) @executable_path/Frameworks";
				PRODUCT_NAME = FDChessboardView;
			};
			name = Release;
		};
		D96101F619C384FF00A4AEDB /* Debug */ = {
			isa = XCBuildConfiguration;
			baseConfigurationReference = 638C9D0ABBF545BE9AD85CB9 /* Pods.xcconfig */;
			buildSettings = {
				BUNDLE_LOADER = "$(TEST_HOST)";
				FRAMEWORK_SEARCH_PATHS = (
					"$(SDKROOT)/Developer/Library/Frameworks",
					"$(inherited)",
				);
				GCC_PREPROCESSOR_DEFINITIONS = (
					"DEBUG=1",
					"$(inherited)",
				);
				INFOPLIST_FILE = FDChessboardViewTests/Info.plist;
				LD_RUNPATH_SEARCH_PATHS = "$(inherited) @executable_path/Frameworks @loader_path/Frameworks";
				PRODUCT_NAME = FDChessboardViewTests;
				TEST_HOST = "$(BUILT_PRODUCTS_DIR)/FDChessboardView.app/FDChessboardView";
			};
			name = Debug;
		};
		D96101F719C384FF00A4AEDB /* Release */ = {
			isa = XCBuildConfiguration;
			baseConfigurationReference = 638C9D0ABBF545BE9AD85CB9 /* Pods.xcconfig */;
			buildSettings = {
				BUNDLE_LOADER = "$(TEST_HOST)";
				FRAMEWORK_SEARCH_PATHS = (
					"$(SDKROOT)/Developer/Library/Frameworks",
					"$(inherited)",
				);
				INFOPLIST_FILE = FDChessboardViewTests/Info.plist;
				LD_RUNPATH_SEARCH_PATHS = "$(inherited) @executable_path/Frameworks @loader_path/Frameworks";
				PRODUCT_NAME = FDChessboardViewTests;
				TEST_HOST = "$(BUILT_PRODUCTS_DIR)/FDChessboardView.app/FDChessboardView";
			};
			name = Release;
		};
/* End XCBuildConfiguration section */

/* Begin XCConfigurationList section */
		D96101CA19C384FF00A4AEDB /* Build configuration list for PBXProject "FDChessboardView" */ = {
			isa = XCConfigurationList;
			buildConfigurations = (
				D96101F019C384FF00A4AEDB /* Debug */,
				D96101F119C384FF00A4AEDB /* Release */,
			);
			defaultConfigurationIsVisible = 0;
			defaultConfigurationName = Release;
		};
		D96101F219C384FF00A4AEDB /* Build configuration list for PBXNativeTarget "FDChessboardView" */ = {
			isa = XCConfigurationList;
			buildConfigurations = (
				D96101F319C384FF00A4AEDB /* Debug */,
				D96101F419C384FF00A4AEDB /* Release */,
			);
			defaultConfigurationIsVisible = 0;
			defaultConfigurationName = Release;
		};
		D96101F519C384FF00A4AEDB /* Build configuration list for PBXNativeTarget "FDChessboardViewTests" */ = {
			isa = XCConfigurationList;
			buildConfigurations = (
				D96101F619C384FF00A4AEDB /* Debug */,
				D96101F719C384FF00A4AEDB /* Release */,
			);
			defaultConfigurationIsVisible = 0;
			defaultConfigurationName = Release;
		};
/* End XCConfigurationList section */
	};
	rootObject = D96101C719C384FF00A4AEDB /* Project object */;
}
